<Solution>
  <Folder Name="/API/">
    <Project Path="API/DioMinimalAPI/DioMinimalAPI.csproj" />
  </Folder>
  <Folder Name="/Itens de Solução/">
    <File Path=".gitignore" />
  </Folder>
  <Folder Name="/Test/">
    <Project Path="Test/DioMinimalAPI.Test/DioMinimalAPI.Test.csproj" Id="3d7e622a-22ce-44ed-9873-35841dbb6ba0" />
  </Folder>
</Solution>
